
Microsoft Visual Studio Solution File, Format Version 12.00
# Visual Studio Version 17
VisualStudioVersion = 17.4.33213.308
MinimumVisualStudioVersion = 10.0.40219.1
Project("{FAE04EC0-301F-11D3-BF4B-00C04F79EFBC}") = "modul7_kelompok_5", "modul7_kelompok_5.csproj", "{24843459-C0F2-411A-B6C8-CD5F8BB95C1B}"
EndProject
Global
	GlobalSection(SolutionConfigurationPlatforms) = preSolution
		Debug|Any CPU = Debug|Any CPU
		Release|Any CPU = Release|Any CPU
	EndGlobalSection
	GlobalSection(ProjectConfigurationPlatforms) = postSolution
		{24843459-C0F2-411A-B6C8-CD5F8BB95C1B}.Debug|Any CPU.ActiveCfg = Debug|Any CPU
		{24843459-C0F2-411A-B6C8-CD5F8BB95C1B}.Debug|Any CPU.Build.0 = Debug|Any CPU
		{24843459-C0F2-411A-B6C8-CD5F8BB95C1B}.Release|Any CPU.ActiveCfg = Release|Any CPU
		{24843459-C0F2-411A-B6C8-CD5F8BB95C1B}.Release|Any CPU.Build.0 = Release|Any CPU
	EndGlobalSection
	GlobalSection(SolutionProperties) = preSolution
		HideSolutionNode = FALSE
	EndGlobalSection
	GlobalSection(ExtensibilityGlobals) = postSolution
		SolutionGuid = {4087924A-C586-4669-8B48-1509A60B4FA5}
	EndGlobalSection
EndGlobal
